// !$*UTF8*$!
{
	archiveVersion = 1;
	classes = {
	};
	objectVersion = 46;
	objects = {

/* Begin PBXBuildFile section */
		D863D43917FC5A76007A601E /* Foundation.framework in Frameworks */ = {isa = PBXBuildFile; fileRef = D863D43817FC5A76007A601E /* Foundation.framework */; };
		D863D43B17FC5A76007A601E /* CoreGraphics.framework in Frameworks */ = {isa = PBXBuildFile; fileRef = D863D43A17FC5A76007A601E /* CoreGraphics.framework */; };
		D863D43D17FC5A76007A601E /* UIKit.framework in Frameworks */ = {isa = PBXBuildFile; fileRef = D863D43C17FC5A76007A601E /* UIKit.framework */; };
		D863D44317FC5A76007A601E /* InfoPlist.strings in Resources */ = {isa = PBXBuildFile; fileRef = D863D44117FC5A76007A601E /* InfoPlist.strings */; };
		D863D44517FC5A76007A601E /* main.m in Sources */ = {isa = PBXBuildFile; fileRef = D863D44417FC5A76007A601E /* main.m */; };
		D863D44917FC5A76007A601E /* AppDelegate.m in Sources */ = {isa = PBXBuildFile; fileRef = D863D44817FC5A76007A601E /* AppDelegate.m */; };
		D863D44B17FC5A76007A601E /* Images.xcassets in Resources */ = {isa = PBXBuildFile; fileRef = D863D44A17FC5A76007A601E /* Images.xcassets */; };
		D863D45217FC5A76007A601E /* XCTest.framework in Frameworks */ = {isa = PBXBuildFile; fileRef = D863D45117FC5A76007A601E /* XCTest.framework */; };
		D863D45317FC5A76007A601E /* Foundation.framework in Frameworks */ = {isa = PBXBuildFile; fileRef = D863D43817FC5A76007A601E /* Foundation.framework */; };
		D863D45417FC5A76007A601E /* UIKit.framework in Frameworks */ = {isa = PBXBuildFile; fileRef = D863D43C17FC5A76007A601E /* UIKit.framework */; };
		D863D45C17FC5A76007A601E /* InfoPlist.strings in Resources */ = {isa = PBXBuildFile; fileRef = D863D45A17FC5A76007A601E /* InfoPlist.strings */; };
		D863D45E17FC5A76007A601E /* ChemistryTests.m in Sources */ = {isa = PBXBuildFile; fileRef = D863D45D17FC5A76007A601E /* ChemistryTests.m */; };
		D863D46917FC5AD0007A601E /* Element.m in Sources */ = {isa = PBXBuildFile; fileRef = D863D46817FC5AD0007A601E /* Element.m */; };
		D863D46F17FC6375007A601E /* Molecule.m in Sources */ = {isa = PBXBuildFile; fileRef = D863D46E17FC6375007A601E /* Molecule.m */; };
		D863D47517FC669E007A601E /* oxygen.m in Sources */ = {isa = PBXBuildFile; fileRef = D863D47417FC669E007A601E /* oxygen.m */; };
		D863D4BC17FCC965007A601E /* MoleculeStore.m in Sources */ = {isa = PBXBuildFile; fileRef = D863D4BB17FCC965007A601E /* MoleculeStore.m */; };
		D863D4BF17FCCC64007A601E /* constants.m in Sources */ = {isa = PBXBuildFile; fileRef = D863D4BE17FCCC64007A601E /* constants.m */; };
/* End PBXBuildFile section */

/* Begin PBXContainerItemProxy section */
		D863D45517FC5A76007A601E /* PBXContainerItemProxy */ = {
			isa = PBXContainerItemProxy;
			containerPortal = D863D42D17FC5A76007A601E /* Project object */;
			proxyType = 1;
			remoteGlobalIDString = D863D43417FC5A76007A601E;
			remoteInfo = Chemistry;
		};
/* End PBXContainerItemProxy section */

/* Begin PBXFileReference section */
		D863D43517FC5A76007A601E /* Chemistry.app */ = {isa = PBXFileReference; explicitFileType = wrapper.application; includeInIndex = 0; path = Chemistry.app; sourceTree = BUILT_PRODUCTS_DIR; };
		D863D43817FC5A76007A601E /* Foundation.framework */ = {isa = PBXFileReference; lastKnownFileType = wrapper.framework; name = Foundation.framework; path = System/Library/Frameworks/Foundation.framework; sourceTree = SDKROOT; };
		D863D43A17FC5A76007A601E /* CoreGraphics.framework */ = {isa = PBXFileReference; lastKnownFileType = wrapper.framework; name = CoreGraphics.framework; path = System/Library/Frameworks/CoreGraphics.framework; sourceTree = SDKROOT; };
		D863D43C17FC5A76007A601E /* UIKit.framework */ = {isa = PBXFileReference; lastKnownFileType = wrapper.framework; name = UIKit.framework; path = System/Library/Frameworks/UIKit.framework; sourceTree = SDKROOT; };
		D863D44017FC5A76007A601E /* Chemistry-Info.plist */ = {isa = PBXFileReference; lastKnownFileType = text.plist.xml; path = "Chemistry-Info.plist"; sourceTree = "<group>"; };
		D863D44217FC5A76007A601E /* en */ = {isa = PBXFileReference; lastKnownFileType = text.plist.strings; name = en; path = en.lproj/InfoPlist.strings; sourceTree = "<group>"; };
		D863D44417FC5A76007A601E /* main.m */ = {isa = PBXFileReference; lastKnownFileType = sourcecode.c.objc; path = main.m; sourceTree = "<group>"; };
		D863D44617FC5A76007A601E /* Chemistry-Prefix.pch */ = {isa = PBXFileReference; lastKnownFileType = sourcecode.c.h; path = "Chemistry-Prefix.pch"; sourceTree = "<group>"; };
		D863D44717FC5A76007A601E /* AppDelegate.h */ = {isa = PBXFileReference; lastKnownFileType = sourcecode.c.h; path = AppDelegate.h; sourceTree = "<group>"; };
		D863D44817FC5A76007A601E /* AppDelegate.m */ = {isa = PBXFileReference; lastKnownFileType = sourcecode.c.objc; path = AppDelegate.m; sourceTree = "<group>"; };
		D863D44A17FC5A76007A601E /* Images.xcassets */ = {isa = PBXFileReference; lastKnownFileType = folder.assetcatalog; path = Images.xcassets; sourceTree = "<group>"; };
		D863D45017FC5A76007A601E /* ChemistryTests.xctest */ = {isa = PBXFileReference; explicitFileType = wrapper.cfbundle; includeInIndex = 0; path = ChemistryTests.xctest; sourceTree = BUILT_PRODUCTS_DIR; };
		D863D45117FC5A76007A601E /* XCTest.framework */ = {isa = PBXFileReference; lastKnownFileType = wrapper.framework; name = XCTest.framework; path = Library/Frameworks/XCTest.framework; sourceTree = DEVELOPER_DIR; };
		D863D45917FC5A76007A601E /* ChemistryTests-Info.plist */ = {isa = PBXFileReference; lastKnownFileType = text.plist.xml; path = "ChemistryTests-Info.plist"; sourceTree = "<group>"; };
		D863D45B17FC5A76007A601E /* en */ = {isa = PBXFileReference; lastKnownFileType = text.plist.strings; name = en; path = en.lproj/InfoPlist.strings; sourceTree = "<group>"; };
		D863D45D17FC5A76007A601E /* ChemistryTests.m */ = {isa = PBXFileReference; lastKnownFileType = sourcecode.c.objc; path = ChemistryTests.m; sourceTree = "<group>"; };
		D863D46717FC5AD0007A601E /* Element.h */ = {isa = PBXFileReference; fileEncoding = 4; lastKnownFileType = sourcecode.c.h; path = Element.h; sourceTree = "<group>"; };
		D863D46817FC5AD0007A601E /* Element.m */ = {isa = PBXFileReference; fileEncoding = 4; lastKnownFileType = sourcecode.c.objc; path = Element.m; sourceTree = "<group>"; };
		D863D46D17FC6375007A601E /* Molecule.h */ = {isa = PBXFileReference; fileEncoding = 4; lastKnownFileType = sourcecode.c.h; path = Molecule.h; sourceTree = "<group>"; };
		D863D46E17FC6375007A601E /* Molecule.m */ = {isa = PBXFileReference; fileEncoding = 4; lastKnownFileType = sourcecode.c.objc; path = Molecule.m; sourceTree = "<group>"; };
		D863D47317FC669E007A601E /* oxygen.h */ = {isa = PBXFileReference; fileEncoding = 4; lastKnownFileType = sourcecode.c.h; path = oxygen.h; sourceTree = "<group>"; };
		D863D47417FC669E007A601E /* oxygen.m */ = {isa = PBXFileReference; fileEncoding = 4; lastKnownFileType = sourcecode.c.objc; path = oxygen.m; sourceTree = "<group>"; };
		D863D4BA17FCC965007A601E /* MoleculeStore.h */ = {isa = PBXFileReference; fileEncoding = 4; lastKnownFileType = sourcecode.c.h; path = MoleculeStore.h; sourceTree = "<group>"; };
		D863D4BB17FCC965007A601E /* MoleculeStore.m */ = {isa = PBXFileReference; fileEncoding = 4; lastKnownFileType = sourcecode.c.objc; path = MoleculeStore.m; sourceTree = "<group>"; };
		D863D4BD17FCCC64007A601E /* constants.h */ = {isa = PBXFileReference; fileEncoding = 4; lastKnownFileType = sourcecode.c.h; path = constants.h; sourceTree = "<group>"; };
		D863D4BE17FCCC64007A601E /* constants.m */ = {isa = PBXFileReference; fileEncoding = 4; lastKnownFileType = sourcecode.c.objc; path = constants.m; sourceTree = "<group>"; };
/* End PBXFileReference section */

/* Begin PBXFrameworksBuildPhase section */
		D863D43217FC5A76007A601E /* Frameworks */ = {
			isa = PBXFrameworksBuildPhase;
			buildActionMask = 2147483647;
			files = (
				D863D43B17FC5A76007A601E /* CoreGraphics.framework in Frameworks */,
				D863D43D17FC5A76007A601E /* UIKit.framework in Frameworks */,
				D863D43917FC5A76007A601E /* Foundation.framework in Frameworks */,
			);
			runOnlyForDeploymentPostprocessing = 0;
		};
		D863D44D17FC5A76007A601E /* Frameworks */ = {
			isa = PBXFrameworksBuildPhase;
			buildActionMask = 2147483647;
			files = (
				D863D45217FC5A76007A601E /* XCTest.framework in Frameworks */,
				D863D45417FC5A76007A601E /* UIKit.framework in Frameworks */,
				D863D45317FC5A76007A601E /* Foundation.framework in Frameworks */,
			);
			runOnlyForDeploymentPostprocessing = 0;
		};
/* End PBXFrameworksBuildPhase section */

/* Begin PBXGroup section */
		D863D42C17FC5A76007A601E = {
			isa = PBXGroup;
			children = (
				D863D43E17FC5A76007A601E /* Chemistry */,
				D863D45717FC5A76007A601E /* ChemistryTests */,
				D863D43717FC5A76007A601E /* Frameworks */,
				D863D43617FC5A76007A601E /* Products */,
			);
			sourceTree = "<group>";
		};
		D863D43617FC5A76007A601E /* Products */ = {
			isa = PBXGroup;
			children = (
				D863D43517FC5A76007A601E /* Chemistry.app */,
				D863D45017FC5A76007A601E /* ChemistryTests.xctest */,
			);
			name = Products;
			sourceTree = "<group>";
		};
		D863D43717FC5A76007A601E /* Frameworks */ = {
			isa = PBXGroup;
			children = (
				D863D43817FC5A76007A601E /* Foundation.framework */,
				D863D43A17FC5A76007A601E /* CoreGraphics.framework */,
				D863D43C17FC5A76007A601E /* UIKit.framework */,
				D863D45117FC5A76007A601E /* XCTest.framework */,
			);
			name = Frameworks;
			sourceTree = "<group>";
		};
		D863D43E17FC5A76007A601E /* Chemistry */ = {
			isa = PBXGroup;
			children = (
				D863D44717FC5A76007A601E /* AppDelegate.h */,
				D863D44817FC5A76007A601E /* AppDelegate.m */,
				D863D46D17FC6375007A601E /* Molecule.h */,
				D863D46E17FC6375007A601E /* Molecule.m */,
				D863D46717FC5AD0007A601E /* Element.h */,
				D863D46817FC5AD0007A601E /* Element.m */,
				D863D47317FC669E007A601E /* oxygen.h */,
				D863D47417FC669E007A601E /* oxygen.m */,
				D863D4BA17FCC965007A601E /* MoleculeStore.h */,
				D863D4BB17FCC965007A601E /* MoleculeStore.m */,
				D863D4BD17FCCC64007A601E /* constants.h */,
				D863D4BE17FCCC64007A601E /* constants.m */,
				D863D44A17FC5A76007A601E /* Images.xcassets */,
				D863D43F17FC5A76007A601E /* Supporting Files */,
			);
			path = Chemistry;
			sourceTree = "<group>";
		};
		D863D43F17FC5A76007A601E /* Supporting Files */ = {
			isa = PBXGroup;
			children = (
				D863D44017FC5A76007A601E /* Chemistry-Info.plist */,
				D863D44117FC5A76007A601E /* InfoPlist.strings */,
				D863D44417FC5A76007A601E /* main.m */,
				D863D44617FC5A76007A601E /* Chemistry-Prefix.pch */,
			);
			name = "Supporting Files";
			sourceTree = "<group>";
		};
		D863D45717FC5A76007A601E /* ChemistryTests */ = {
			isa = PBXGroup;
			children = (
				D863D45D17FC5A76007A601E /* ChemistryTests.m */,
				D863D45817FC5A76007A601E /* Supporting Files */,
			);
			path = ChemistryTests;
			sourceTree = "<group>";
		};
		D863D45817FC5A76007A601E /* Supporting Files */ = {
			isa = PBXGroup;
			children = (
				D863D45917FC5A76007A601E /* ChemistryTests-Info.plist */,
				D863D45A17FC5A76007A601E /* InfoPlist.strings */,
			);
			name = "Supporting Files";
			sourceTree = "<group>";
		};
/* End PBXGroup section */

/* Begin PBXNativeTarget section */
		D863D43417FC5A76007A601E /* Chemistry */ = {
			isa = PBXNativeTarget;
			buildConfigurationList = D863D46117FC5A76007A601E /* Build configuration list for PBXNativeTarget "Chemistry" */;
			buildPhases = (
				D863D43117FC5A76007A601E /* Sources */,
				D863D43217FC5A76007A601E /* Frameworks */,
				D863D43317FC5A76007A601E /* Resources */,
			);
			buildRules = (
			);
			dependencies = (
			);
			name = Chemistry;
			productName = Chemistry;
			productReference = D863D43517FC5A76007A601E /* Chemistry.app */;
			productType = "com.apple.product-type.application";
		};
		D863D44F17FC5A76007A601E /* ChemistryTests */ = {
			isa = PBXNativeTarget;
			buildConfigurationList = D863D46417FC5A76007A601E /* Build configuration list for PBXNativeTarget "ChemistryTests" */;
			buildPhases = (
				D863D44C17FC5A76007A601E /* Sources */,
				D863D44D17FC5A76007A601E /* Frameworks */,
				D863D44E17FC5A76007A601E /* Resources */,
			);
			buildRules = (
			);
			dependencies = (
				D863D45617FC5A76007A601E /* PBXTargetDependency */,
			);
			name = ChemistryTests;
			productName = ChemistryTests;
			productReference = D863D45017FC5A76007A601E /* ChemistryTests.xctest */;
			productType = "com.apple.product-type.bundle.unit-test";
		};
/* End PBXNativeTarget section */

/* Begin PBXProject section */
		D863D42D17FC5A76007A601E /* Project object */ = {
			isa = PBXProject;
			attributes = {
				LastUpgradeCheck = 0500;
				ORGANIZATIONNAME = "Joe Burgess";
				TargetAttributes = {
					D863D44F17FC5A76007A601E = {
						TestTargetID = D863D43417FC5A76007A601E;
					};
				};
			};
			buildConfigurationList = D863D43017FC5A76007A601E /* Build configuration list for PBXProject "Chemistry" */;
			compatibilityVersion = "Xcode 3.2";
			developmentRegion = English;
			hasScannedForEncodings = 0;
			knownRegions = (
				en,
			);
			mainGroup = D863D42C17FC5A76007A601E;
			productRefGroup = D863D43617FC5A76007A601E /* Products */;
			projectDirPath = "";
			projectRoot = "";
			targets = (
				D863D43417FC5A76007A601E /* Chemistry */,
				D863D44F17FC5A76007A601E /* ChemistryTests */,
			);
		};
/* End PBXProject section */

/* Begin PBXResourcesBuildPhase section */
		D863D43317FC5A76007A601E /* Resources */ = {
			isa = PBXResourcesBuildPhase;
			buildActionMask = 2147483647;
			files = (
				D863D44317FC5A76007A601E /* InfoPlist.strings in Resources */,
				D863D44B17FC5A76007A601E /* Images.xcassets in Resources */,
			);
			runOnlyForDeploymentPostprocessing = 0;
		};
		D863D44E17FC5A76007A601E /* Resources */ = {
			isa = PBXResourcesBuildPhase;
			buildActionMask = 2147483647;
			files = (
				D863D45C17FC5A76007A601E /* InfoPlist.strings in Resources */,
			);
			runOnlyForDeploymentPostprocessing = 0;
		};
/* End PBXResourcesBuildPhase section */

/* Begin PBXSourcesBuildPhase section */
		D863D43117FC5A76007A601E /* Sources */ = {
			isa = PBXSourcesBuildPhase;
			buildActionMask = 2147483647;
			files = (
				D863D44917FC5A76007A601E /* AppDelegate.m in Sources */,
				D863D47517FC669E007A601E /* oxygen.m in Sources */,
				D863D44517FC5A76007A601E /* main.m in Sources */,
				D863D4BF17FCCC64007A601E /* constants.m in Sources */,
				D863D46917FC5AD0007A601E /* Element.m in Sources */,
				D863D46F17FC6375007A601E /* Molecule.m in Sources */,
				D863D4BC17FCC965007A601E /* MoleculeStore.m in Sources */,
			);
			runOnlyForDeploymentPostprocessing = 0;
		};
		D863D44C17FC5A76007A601E /* Sources */ = {
			isa = PBXSourcesBuildPhase;
			buildActionMask = 2147483647;
			files = (
				D863D45E17FC5A76007A601E /* ChemistryTests.m in Sources */,
			);
			runOnlyForDeploymentPostprocessing = 0;
		};
/* End PBXSourcesBuildPhase section */

/* Begin PBXTargetDependency section */
		D863D45617FC5A76007A601E /* PBXTargetDependency */ = {
			isa = PBXTargetDependency;
			target = D863D43417FC5A76007A601E /* Chemistry */;
			targetProxy = D863D45517FC5A76007A601E /* PBXContainerItemProxy */;
		};
/* End PBXTargetDependency section */

/* Begin PBXVariantGroup section */
		D863D44117FC5A76007A601E /* InfoPlist.strings */ = {
			isa = PBXVariantGroup;
			children = (
				D863D44217FC5A76007A601E /* en */,
			);
			name = InfoPlist.strings;
			sourceTree = "<group>";
		};
		D863D45A17FC5A76007A601E /* InfoPlist.strings */ = {
			isa = PBXVariantGroup;
			children = (
				D863D45B17FC5A76007A601E /* en */,
			);
			name = InfoPlist.strings;
			sourceTree = "<group>";
		};
/* End PBXVariantGroup section */

/* Begin XCBuildConfiguration section */
		D863D45F17FC5A76007A601E /* Debug */ = {
			isa = XCBuildConfiguration;
			buildSettings = {
				ALWAYS_SEARCH_USER_PATHS = NO;
				ARCHS = "$(ARCHS_STANDARD_INCLUDING_64_BIT)";
				CLANG_CXX_LANGUAGE_STANDARD = "gnu++0x";
				CLANG_CXX_LIBRARY = "libc++";
				CLANG_ENABLE_MODULES = YES;
				CLANG_ENABLE_OBJC_ARC = YES;
				CLANG_WARN_BOOL_CONVERSION = YES;
				CLANG_WARN_CONSTANT_CONVERSION = YES;
				CLANG_WARN_DIRECT_OBJC_ISA_USAGE = YES_ERROR;
				CLANG_WARN_EMPTY_BODY = YES;
				CLANG_WARN_ENUM_CONVERSION = YES;
				CLANG_WARN_INT_CONVERSION = YES;
				CLANG_WARN_OBJC_ROOT_CLASS = YES_ERROR;
				CLANG_WARN__DUPLICATE_METHOD_MATCH = YES;
				"CODE_SIGN_IDENTITY[sdk=iphoneos*]" = "iPhone Developer";
				COPY_PHASE_STRIP = NO;
				GCC_C_LANGUAGE_STANDARD = gnu99;
				GCC_DYNAMIC_NO_PIC = NO;
				GCC_OPTIMIZATION_LEVEL = 0;
				GCC_PREPROCESSOR_DEFINITIONS = (
					"DEBUG=1",
					"$(inherited)",
				);
				GCC_SYMBOLS_PRIVATE_EXTERN = NO;
				GCC_WARN_64_TO_32_BIT_CONVERSION = YES;
				GCC_WARN_ABOUT_RETURN_TYPE = YES_ERROR;
				GCC_WARN_UNDECLARED_SELECTOR = YES;
				GCC_WARN_UNINITIALIZED_AUTOS = YES;
				GCC_WARN_UNUSED_FUNCTION = YES;
				GCC_WARN_UNUSED_VARIABLE = YES;
				IPHONEOS_DEPLOYMENT_TARGET = 7.0;
				ONLY_ACTIVE_ARCH = YES;
				SDKROOT = iphoneos;
			};
			name = Debug;
		};
		D863D46017FC5A76007A601E /* Release */ = {
			isa = XCBuildConfiguration;
			buildSettings = {
				ALWAYS_SEARCH_USER_PATHS = NO;
				ARCHS = "$(ARCHS_STANDARD_INCLUDING_64_BIT)";
				CLANG_CXX_LANGUAGE_STANDARD = "gnu++0x";
				CLANG_CXX_LIBRARY = "libc++";
				CLANG_ENABLE_MODULES = YES;
				CLANG_ENABLE_OBJC_ARC = YES;
				CLANG_WARN_BOOL_CONVERSION = YES;
				CLANG_WARN_CONSTANT_CONVERSION = YES;
				CLANG_WARN_DIRECT_OBJC_ISA_USAGE = YES_ERROR;
				CLANG_WARN_EMPTY_BODY = YES;
				CLANG_WARN_ENUM_CONVERSION = YES;
				CLANG_WARN_INT_CONVERSION = YES;
				CLANG_WARN_OBJC_ROOT_CLASS = YES_ERROR;
				CLANG_WARN__DUPLICATE_METHOD_MATCH = YES;
				"CODE_SIGN_IDENTITY[sdk=iphoneos*]" = "iPhone Developer";
				COPY_PHASE_STRIP = YES;
				ENABLE_NS_ASSERTIONS = NO;
				GCC_C_LANGUAGE_STANDARD = gnu99;
				GCC_WARN_64_TO_32_BIT_CONVERSION = YES;
				GCC_WARN_ABOUT_RETURN_TYPE = YES_ERROR;
				GCC_WARN_UNDECLARED_SELECTOR = YES;
				GCC_WARN_UNINITIALIZED_AUTOS = YES;
				GCC_WARN_UNUSED_FUNCTION = YES;
				GCC_WARN_UNUSED_VARIABLE = YES;
				IPHONEOS_DEPLOYMENT_TARGET = 7.0;
				SDKROOT = iphoneos;
				VALIDATE_PRODUCT = YES;
			};
			name = Release;
		};
		D863D46217FC5A76007A601E /* Debug */ = {
			isa = XCBuildConfiguration;
			buildSettings = {
				ASSETCATALOG_COMPILER_APPICON_NAME = AppIcon;
				ASSETCATALOG_COMPILER_LAUNCHIMAGE_NAME = LaunchImage;
				GCC_PRECOMPILE_PREFIX_HEADER = YES;
				GCC_PREFIX_HEADER = "Chemistry/Chemistry-Prefix.pch";
				INFOPLIST_FILE = "Chemistry/Chemistry-Info.plist";
				PRODUCT_NAME = "$(TARGET_NAME)";
				WRAPPER_EXTENSION = app;
			};
			name = Debug;
		};
		D863D46317FC5A76007A601E /* Release */ = {
			isa = XCBuildConfiguration;
			buildSettings = {
				ASSETCATALOG_COMPILER_APPICON_NAME = AppIcon;
				ASSETCATALOG_COMPILER_LAUNCHIMAGE_NAME = LaunchImage;
				GCC_PRECOMPILE_PREFIX_HEADER = YES;
				GCC_PREFIX_HEADER = "Chemistry/Chemistry-Prefix.pch";
				INFOPLIST_FILE = "Chemistry/Chemistry-Info.plist";
				PRODUCT_NAME = "$(TARGET_NAME)";
				WRAPPER_EXTENSION = app;
			};
			name = Release;
		};
		D863D46517FC5A76007A601E /* Debug */ = {
			isa = XCBuildConfiguration;
			buildSettings = {
				ARCHS = "$(ARCHS_STANDARD_INCLUDING_64_BIT)";
				BUNDLE_LOADER = "$(BUILT_PRODUCTS_DIR)/Chemistry.app/Chemistry";
				FRAMEWORK_SEARCH_PATHS = (
					"$(SDKROOT)/Developer/Library/Frameworks",
					"$(inherited)",
					"$(DEVELOPER_FRAMEWORKS_DIR)",
				);
				GCC_PRECOMPILE_PREFIX_HEADER = YES;
				GCC_PREFIX_HEADER = "Chemistry/Chemistry-Prefix.pch";
				GCC_PREPROCESSOR_DEFINITIONS = (
					"DEBUG=1",
					"$(inherited)",
				);
				INFOPLIST_FILE = "ChemistryTests/ChemistryTests-Info.plist";
				PRODUCT_NAME = "$(TARGET_NAME)";
				TEST_HOST = "$(BUNDLE_LOADER)";
				WRAPPER_EXTENSION = xctest;
			};
			name = Debug;
		};
		D863D46617FC5A76007A601E /* Release */ = {
			isa = XCBuildConfiguration;
			buildSettings = {
				ARCHS = "$(ARCHS_STANDARD_INCLUDING_64_BIT)";
				BUNDLE_LOADER = "$(BUILT_PRODUCTS_DIR)/Chemistry.app/Chemistry";
				FRAMEWORK_SEARCH_PATHS = (
					"$(SDKROOT)/Developer/Library/Frameworks",
					"$(inherited)",
					"$(DEVELOPER_FRAMEWORKS_DIR)",
				);
				GCC_PRECOMPILE_PREFIX_HEADER = YES;
				GCC_PREFIX_HEADER = "Chemistry/Chemistry-Prefix.pch";
				INFOPLIST_FILE = "ChemistryTests/ChemistryTests-Info.plist";
				PRODUCT_NAME = "$(TARGET_NAME)";
				TEST_HOST = "$(BUNDLE_LOADER)";
				WRAPPER_EXTENSION = xctest;
			};
			name = Release;
		};
/* End XCBuildConfiguration section */

/* Begin XCConfigurationList section */
		D863D43017FC5A76007A601E /* Build configuration list for PBXProject "Chemistry" */ = {
			isa = XCConfigurationList;
			buildConfigurations = (
				D863D45F17FC5A76007A601E /* Debug */,
				D863D46017FC5A76007A601E /* Release */,
			);
			defaultConfigurationIsVisible = 0;
			defaultConfigurationName = Release;
		};
		D863D46117FC5A76007A601E /* Build configuration list for PBXNativeTarget "Chemistry" */ = {
			isa = XCConfigurationList;
			buildConfigurations = (
				D863D46217FC5A76007A601E /* Debug */,
				D863D46317FC5A76007A601E /* Release */,
			);
			defaultConfigurationIsVisible = 0;
			defaultConfigurationName = Release;
		};
		D863D46417FC5A76007A601E /* Build configuration list for PBXNativeTarget "ChemistryTests" */ = {
			isa = XCConfigurationList;
			buildConfigurations = (
				D863D46517FC5A76007A601E /* Debug */,
				D863D46617FC5A76007A601E /* Release */,
			);
			defaultConfigurationIsVisible = 0;
			defaultConfigurationName = Release;
		};
/* End XCConfigurationList section */
	};
	rootObject = D863D42D17FC5A76007A601E /* Project object */;
}
